
Microsoft Visual Studio Solution File, Format Version 12.00
# Visual Studio Version 17
VisualStudioVersion = 17.6.33829.357
MinimumVisualStudioVersion = 10.0.40219.1
Project("{9A19103F-16F7-4668-BE54-9A1E7A4F7556}") = "Services", "Services\Services.csproj", "{2422758B-290D-45CB-B19B-FCAB797244A7}"
EndProject
Project("{9A19103F-16F7-4668-BE54-9A1E7A4F7556}") = "Services.Test", "Services.Test\Services.Test.csproj", "{8A31C646-EE4E-4C8A-82E1-51151750512F}"
EndProject
Project("{9A19103F-16F7-4668-BE54-9A1E7A4F7556}") = "FindAreasConsole", "FindAreasConsole\FindAreasConsole.csproj", "{8EA3839C-8337-4E38-9570-7D34A2AE1A69}"
EndProject
Global
	GlobalSection(SolutionConfigurationPlatforms) = preSolution
		Debug|Any CPU = Debug|Any CPU
		Release|Any CPU = Release|Any CPU
	EndGlobalSection
	GlobalSection(ProjectConfigurationPlatforms) = postSolution
		{2422758B-290D-45CB-B19B-FCAB797244A7}.Debug|Any CPU.ActiveCfg = Debug|Any CPU
		{2422758B-290D-45CB-B19B-FCAB797244A7}.Debug|Any CPU.Build.0 = Debug|Any CPU
		{2422758B-290D-45CB-B19B-FCAB797244A7}.Release|Any CPU.ActiveCfg = Release|Any CPU
		{2422758B-290D-45CB-B19B-FCAB797244A7}.Release|Any CPU.Build.0 = Release|Any CPU
		{8A31C646-EE4E-4C8A-82E1-51151750512F}.Debug|Any CPU.ActiveCfg = Debug|Any CPU
		{8A31C646-EE4E-4C8A-82E1-51151750512F}.Debug|Any CPU.Build.0 = Debug|Any CPU
		{8A31C646-EE4E-4C8A-82E1-51151750512F}.Release|Any CPU.ActiveCfg = Release|Any CPU
		{8A31C646-EE4E-4C8A-82E1-51151750512F}.Release|Any CPU.Build.0 = Release|Any CPU
		{8EA3839C-8337-4E38-9570-7D34A2AE1A69}.Debug|Any CPU.ActiveCfg = Debug|Any CPU
		{8EA3839C-8337-4E38-9570-7D34A2AE1A69}.Debug|Any CPU.Build.0 = Debug|Any CPU
		{8EA3839C-8337-4E38-9570-7D34A2AE1A69}.Release|Any CPU.ActiveCfg = Release|Any CPU
		{8EA3839C-8337-4E38-9570-7D34A2AE1A69}.Release|Any CPU.Build.0 = Release|Any CPU
	EndGlobalSection
	GlobalSection(SolutionProperties) = preSolution
		HideSolutionNode = FALSE
	EndGlobalSection
	GlobalSection(ExtensibilityGlobals) = postSolution
		SolutionGuid = {C3ABD5A9-702E-4879-817C-A1FCD1749C54}
	EndGlobalSection
EndGlobal
